# THIS IS AN AUTOGENERATED FILE. DO NOT EDIT THIS FILE DIRECTLY.
# yarn lockfile v1


"@antfu/utils@^0.5.2":
  "integrity" "sha512-CQkeV+oJxUazwjlHD0/3ZD08QWKuGQkhnrKo3e6ly5pd48VUpXbb77q0xMU4+vc2CkJnDS02Eq/M9ugyX20XZA=="
  "resolved" "https://registry.npmmirror.com/@antfu/utils/-/utils-0.5.2.tgz"
  "version" "0.5.2"

"@babel/parser@^7.16.4":
  "integrity" "sha512-RSKRfYX20dyH+elbJK2uqAkVyucL+xXzhqlMD5/ZXx+dAAwpyB7HsvnHe/ZUGOF+xLr5Wx9/JoXVTj6BQE2/oA=="
  "resolved" "https://registry.npmmirror.com/@babel/parser/-/parser-7.18.8.tgz"
  "version" "7.18.8"

"@ctrl/tinycolor@^3.4.1":
  "integrity" "sha512-ej5oVy6lykXsvieQtqZxCOaLT+xD4+QNarq78cIYISHmZXshCvROLudpQN3lfL8G0NL7plMSSK+zlyvCaIJ4Iw=="
  "resolved" "https://registry.npmmirror.com/@ctrl/tinycolor/-/tinycolor-3.4.1.tgz"
  "version" "3.4.1"

"@element-plus/icons-vue@^2.0.6":
  "integrity" "sha512-lPpG8hYkjL/Z97DH5Ei6w6o22Z4YdNglWCNYOPcB33JCF2A4wye6HFgSI7hEt9zdLyxlSpiqtgf9XcYU+m5mew=="
  "resolved" "https://registry.npmmirror.com/@element-plus/icons-vue/-/icons-vue-2.0.6.tgz"
  "version" "2.0.6"

"@floating-ui/core@^0.7.3":
  "integrity" "sha512-buc8BXHmG9l82+OQXOFU3Kr2XQx9ys01U/Q9HMIrZ300iLc8HLMgh7dcCqgYzAzf4BkoQvDcXf5Y+CuEZ5JBYg=="
  "resolved" "https://registry.npmmirror.com/@floating-ui/core/-/core-0.7.3.tgz"
  "version" "0.7.3"

"@floating-ui/dom@^0.5.4":
  "integrity" "sha512-419BMceRLq0RrmTSDxn8hf9R3VCJv2K9PUfugh5JyEFmdjzDo+e8U5EdR8nzKq8Yj1htzLm3b6eQEEam3/rrtg=="
  "resolved" "https://registry.npmmirror.com/@floating-ui/dom/-/dom-0.5.4.tgz"
  "version" "0.5.4"
  dependencies:
    "@floating-ui/core" "^0.7.3"

"@nodelib/fs.scandir@2.1.5":
  "integrity" "sha512-vq24Bq3ym5HEQm2NKCr3yXDwjc7vTsEThRDnkp2DK9p1uqLR+DHurm/NOTo0KG7HYHU7eppKZj3MyqYuMBf62g=="
  "resolved" "https://registry.npmmirror.com/@nodelib/fs.scandir/-/fs.scandir-2.1.5.tgz"
  "version" "2.1.5"
  dependencies:
    "@nodelib/fs.stat" "2.0.5"
    "run-parallel" "^1.1.9"

"@nodelib/fs.stat@^2.0.2", "@nodelib/fs.stat@2.0.5":
  "integrity" "sha512-RkhPPp2zrqDAQA/2jNhnztcPAlv64XdhIp7a7454A5ovI7Bukxgt7MX7udwAu3zg1DcpPU0rz3VV1SeaqvY4+A=="
  "resolved" "https://registry.npmmirror.com/@nodelib/fs.stat/-/fs.stat-2.0.5.tgz"
  "version" "2.0.5"

"@nodelib/fs.walk@^1.2.3":
  "integrity" "sha512-oGB+UxlgWcgQkgwo8GcEGwemoTFt3FIO9ababBmaGwXIoBKZ+GTy0pP185beGg7Llih/NSHSV2XAs1lnznocSg=="
  "resolved" "https://registry.npmmirror.com/@nodelib/fs.walk/-/fs.walk-1.2.8.tgz"
  "version" "1.2.8"
  dependencies:
    "@nodelib/fs.scandir" "2.1.5"
    "fastq" "^1.6.0"

"@popperjs/core@npm:@sxzz/popperjs-es@^2.11.7":
  "integrity" "sha512-Ccy0NlLkzr0Ex2FKvh2X+OyERHXJ88XJ1MXtsI9y9fGexlaXaVTPzBCRBwIxFkORuOb+uBqeu+RqnpgYTEZRUQ=="
  "resolved" "https://registry.npmmirror.com/@sxzz/popperjs-es/-/popperjs-es-2.11.7.tgz"
  "version" "2.11.7"

"@types/lodash-es@*", "@types/lodash-es@^4.17.6":
  "integrity" "sha512-R+zTeVUKDdfoRxpAryaQNRKk3105Rrgx2CFRClIgRGaqDTdjsm8h6IYA8ir584W3ePzkZfst5xIgDwYrlh9HLg=="
  "resolved" "https://registry.npmmirror.com/@types/lodash-es/-/lodash-es-4.17.6.tgz"
  "version" "4.17.6"
  dependencies:
    "@types/lodash" "*"

"@types/lodash@*", "@types/lodash@^4.14.182":
  "integrity" "sha512-/THyiqyQAP9AfARo4pF+aCGcyiQ94tX/Is2I7HofNRqoYLgN1PBoOWu2/zTA5zMxzP5EFutMtWtGAFRKUe961Q=="
  "resolved" "https://registry.npmmirror.com/@types/lodash/-/lodash-4.14.182.tgz"
  "version" "4.14.182"

"@types/node@^18.0.3":
  "integrity" "sha512-HzNRZtp4eepNitP+BD6k2L6DROIDG4Q0fm4x+dwfsr6LGmROENnok75VGw40628xf+iR24WeMFcHuuBDUAzzsQ=="
  "resolved" "https://registry.npmmirror.com/@types/node/-/node-18.0.3.tgz"
  "version" "18.0.3"

"@types/web-bluetooth@^0.0.14":
  "integrity" "sha512-5d2RhCard1nQUC3aHcq/gHzWYO6K0WJmAbjO7mQJgCQKtZpgXxv1rOM6O/dBDhDYYVutk1sciOgNSe+5YyfM8A=="
  "resolved" "https://registry.npmmirror.com/@types/web-bluetooth/-/web-bluetooth-0.0.14.tgz"
  "version" "0.0.14"

"@vitejs/plugin-vue@^2.3.3":
  "integrity" "sha512-SmQLDyhz+6lGJhPELsBdzXGc+AcaT8stgkbiTFGpXPe8Tl1tJaBw1A6pxDqDuRsVkD8uscrkx3hA7QDOoKYtyw=="
  "resolved" "https://registry.npmmirror.com/@vitejs/plugin-vue/-/plugin-vue-2.3.3.tgz"
  "version" "2.3.3"

"@volar/code-gen@0.34.17":
  "integrity" "sha512-rHR7BA71BJ/4S7xUOPMPiB7uk6iU9oTWpEMZxFi5VGC9iJmDncE82WzU5iYpcbOBCVHsOjMh0+5CGMgdO6SaPA=="
  "resolved" "https://registry.npmmirror.com/@volar/code-gen/-/code-gen-0.34.17.tgz"
  "version" "0.34.17"
  dependencies:
    "@volar/source-map" "0.34.17"

"@volar/source-map@0.34.17":
  "integrity" "sha512-3yn1IMXJGGWB/G817/VFlFMi8oh5pmE7VzUqvgMZMrppaZpKj6/juvJIEiXNxRsgWc0RxIO8OSp4htdPUg1Raw=="
  "resolved" "https://registry.npmmirror.com/@volar/source-map/-/source-map-0.34.17.tgz"
  "version" "0.34.17"

"@volar/vue-code-gen@0.34.17":
  "integrity" "sha512-17pzcK29fyFWUc+C82J3JYSnA+jy3QNrIldb9kPaP9Itbik05ZjEIyEue9FjhgIAuHeYSn4LDM5s6nGjxyfhsQ=="
  "resolved" "https://registry.npmmirror.com/@volar/vue-code-gen/-/vue-code-gen-0.34.17.tgz"
  "version" "0.34.17"
  dependencies:
    "@volar/code-gen" "0.34.17"
    "@volar/source-map" "0.34.17"
    "@vue/compiler-core" "^3.2.36"
    "@vue/compiler-dom" "^3.2.36"
    "@vue/shared" "^3.2.36"

"@volar/vue-typescript@0.34.17":
  "integrity" "sha512-U0YSVIBPRWVPmgJHNa4nrfq88+oS+tmyZNxmnfajIw9A/GOGZQiKXHC0k09SVvbYXlsjgJ6NIjhm9NuAhGRQjg=="
  "resolved" "https://registry.npmmirror.com/@volar/vue-typescript/-/vue-typescript-0.34.17.tgz"
  "version" "0.34.17"
  dependencies:
    "@volar/code-gen" "0.34.17"
    "@volar/source-map" "0.34.17"
    "@volar/vue-code-gen" "0.34.17"
    "@vue/compiler-sfc" "^3.2.36"
    "@vue/reactivity" "^3.2.36"

"@vue/compiler-core@^3.2.36", "@vue/compiler-core@3.2.37":
  "integrity" "sha512-81KhEjo7YAOh0vQJoSmAD68wLfYqJvoiD4ulyedzF+OEk/bk6/hx3fTNVfuzugIIaTrOx4PGx6pAiBRe5e9Zmg=="
  "resolved" "https://registry.npmmirror.com/@vue/compiler-core/-/compiler-core-3.2.37.tgz"
  "version" "3.2.37"
  dependencies:
    "@babel/parser" "^7.16.4"
    "@vue/shared" "3.2.37"
    "estree-walker" "^2.0.2"
    "source-map" "^0.6.1"

"@vue/compiler-dom@^3.2.36", "@vue/compiler-dom@3.2.37":
  "integrity" "sha512-yxJLH167fucHKxaqXpYk7x8z7mMEnXOw3G2q62FTkmsvNxu4FQSu5+3UMb+L7fjKa26DEzhrmCxAgFLLIzVfqQ=="
  "resolved" "https://registry.npmmirror.com/@vue/compiler-dom/-/compiler-dom-3.2.37.tgz"
  "version" "3.2.37"
  dependencies:
    "@vue/compiler-core" "3.2.37"
    "@vue/shared" "3.2.37"

"@vue/compiler-sfc@^3.2.36", "@vue/compiler-sfc@3.2.37":
  "integrity" "sha512-+7i/2+9LYlpqDv+KTtWhOZH+pa8/HnX/905MdVmAcI/mPQOBwkHHIzrsEsucyOIZQYMkXUiTkmZq5am/NyXKkg=="
  "resolved" "https://registry.npmmirror.com/@vue/compiler-sfc/-/compiler-sfc-3.2.37.tgz"
  "version" "3.2.37"
  dependencies:
    "@babel/parser" "^7.16.4"
    "@vue/compiler-core" "3.2.37"
    "@vue/compiler-dom" "3.2.37"
    "@vue/compiler-ssr" "3.2.37"
    "@vue/reactivity-transform" "3.2.37"
    "@vue/shared" "3.2.37"
    "estree-walker" "^2.0.2"
    "magic-string" "^0.25.7"
    "postcss" "^8.1.10"
    "source-map" "^0.6.1"

"@vue/compiler-ssr@3.2.37":
  "integrity" "sha512-7mQJD7HdXxQjktmsWp/J67lThEIcxLemz1Vb5I6rYJHR5vI+lON3nPGOH3ubmbvYGt8xEUaAr1j7/tIFWiEOqw=="
  "resolved" "https://registry.npmmirror.com/@vue/compiler-ssr/-/compiler-ssr-3.2.37.tgz"
  "version" "3.2.37"
  dependencies:
    "@vue/compiler-dom" "3.2.37"
    "@vue/shared" "3.2.37"

"@vue/devtools-api@^6.1.4":
  "integrity" "sha512-pF1G4wky+hkifDiZSWn8xfuLOJI1ZXtuambpBEYaf7Xaf6zC/pM29rvAGpd3qaGXnr4BAXU1Pxz/VfvBGwexGA=="
  "resolved" "https://registry.npmmirror.com/@vue/devtools-api/-/devtools-api-6.2.0.tgz"
  "version" "6.2.0"

"@vue/reactivity-transform@3.2.37":
  "integrity" "sha512-IWopkKEb+8qpu/1eMKVeXrK0NLw9HicGviJzhJDEyfxTR9e1WtpnnbYkJWurX6WwoFP0sz10xQg8yL8lgskAZg=="
  "resolved" "https://registry.npmmirror.com/@vue/reactivity-transform/-/reactivity-transform-3.2.37.tgz"
  "version" "3.2.37"
  dependencies:
    "@babel/parser" "^7.16.4"
    "@vue/compiler-core" "3.2.37"
    "@vue/shared" "3.2.37"
    "estree-walker" "^2.0.2"
    "magic-string" "^0.25.7"

"@vue/reactivity@^3.2.36", "@vue/reactivity@3.2.37":
  "integrity" "sha512-/7WRafBOshOc6m3F7plwzPeCu/RCVv9uMpOwa/5PiY1Zz+WLVRWiy0MYKwmg19KBdGtFWsmZ4cD+LOdVPcs52A=="
  "resolved" "https://registry.npmmirror.com/@vue/reactivity/-/reactivity-3.2.37.tgz"
  "version" "3.2.37"
  dependencies:
    "@vue/shared" "3.2.37"

"@vue/runtime-core@3.2.37":
  "integrity" "sha512-JPcd9kFyEdXLl/i0ClS7lwgcs0QpUAWj+SKX2ZC3ANKi1U4DOtiEr6cRqFXsPwY5u1L9fAjkinIdB8Rz3FoYNQ=="
  "resolved" "https://registry.npmmirror.com/@vue/runtime-core/-/runtime-core-3.2.37.tgz"
  "version" "3.2.37"
  dependencies:
    "@vue/reactivity" "3.2.37"
    "@vue/shared" "3.2.37"

"@vue/runtime-dom@3.2.37":
  "integrity" "sha512-HimKdh9BepShW6YozwRKAYjYQWg9mQn63RGEiSswMbW+ssIht1MILYlVGkAGGQbkhSh31PCdoUcfiu4apXJoPw=="
  "resolved" "https://registry.npmmirror.com/@vue/runtime-dom/-/runtime-dom-3.2.37.tgz"
  "version" "3.2.37"
  dependencies:
    "@vue/runtime-core" "3.2.37"
    "@vue/shared" "3.2.37"
    "csstype" "^2.6.8"

"@vue/server-renderer@3.2.37":
  "integrity" "sha512-kLITEJvaYgZQ2h47hIzPh2K3jG8c1zCVbp/o/bzQOyvzaKiCquKS7AaioPI28GNxIsE/zSx+EwWYsNxDCX95MA=="
  "resolved" "https://registry.npmmirror.com/@vue/server-renderer/-/server-renderer-3.2.37.tgz"
  "version" "3.2.37"
  dependencies:
    "@vue/compiler-ssr" "3.2.37"
    "@vue/shared" "3.2.37"

"@vue/shared@^3.2.36", "@vue/shared@3.2.37":
  "integrity" "sha512-4rSJemR2NQIo9Klm1vabqWjD8rs/ZaJSzMxkMNeJS6lHiUjjUeYFbooN19NgFjztubEKh3WlZUeOLVdbbUWHsw=="
  "resolved" "https://registry.npmmirror.com/@vue/shared/-/shared-3.2.37.tgz"
  "version" "3.2.37"

"@vueuse/core@^8.7.5":
  "integrity" "sha512-dE3/JgwqIHmmtmRBdZAnq87rZCSFbYVps2t3gWy9Jv/+Qp6sHSSKuPFtwguJVZ2OnaGnB/AMRmx4CuFRxFin3A=="
  "resolved" "https://registry.npmmirror.com/@vueuse/core/-/core-8.9.2.tgz"
  "version" "8.9.2"
  dependencies:
    "@types/web-bluetooth" "^0.0.14"
    "@vueuse/metadata" "8.9.2"
    "@vueuse/shared" "8.9.2"
    "vue-demi" "*"

"@vueuse/metadata@8.9.2":
  "integrity" "sha512-g2s2BeyeEtJElmMFfFPnM+BTvnt0omniyvz8U18/zXDpQIMGozlNQgHoFeratyMfgVBhH/u2VKzmchChtDsgPQ=="
  "resolved" "https://registry.npmmirror.com/@vueuse/metadata/-/metadata-8.9.2.tgz"
  "version" "8.9.2"

"@vueuse/shared@8.9.2":
  "integrity" "sha512-s4Nk82oheL5z1GywyGnqjob0MzbAt88olMZa0vgt/p3gcMsT8Ff7+SqmNgEFC6AAs6xiuhOAZpnew9Zs3d90yQ=="
  "resolved" "https://registry.npmmirror.com/@vueuse/shared/-/shared-8.9.2.tgz"
  "version" "8.9.2"
  dependencies:
    "vue-demi" "*"

"@windicss/config@1.8.6":
  "integrity" "sha512-WVS41qUJtd44g2iWzTAE8tpgk8gD0yAr1RwwaWi7FAECKm3LVNMLOoToum9R/QKFE2n64EUVJpIvSUNby8rlhg=="
  "resolved" "https://registry.npmmirror.com/@windicss/config/-/config-1.8.6.tgz"
  "version" "1.8.6"
  dependencies:
    "debug" "^4.3.4"
    "jiti" "^1.14.0"
    "windicss" "^3.5.6"

"@windicss/plugin-question-mark@^0.1.1":
  "integrity" "sha512-LTnySh28mFncJqCw7VjZzYD3HkJynjHQ8wAIgsZUPTi8WzDJtUeYyFc8/ImXGL/jon55zzg9yy9y/lUyCvvrmA=="
  "resolved" "https://registry.npmmirror.com/@windicss/plugin-question-mark/-/plugin-question-mark-0.1.1.tgz"
  "version" "0.1.1"

"@windicss/plugin-utils@1.8.6":
  "integrity" "sha512-YY6EcUsgkosaQkIseFiIoHfU1H5boOAs/l74QWLI6ryNeHLMq2e04QVsFz+Rt+U8b8PRNxXPC8ADbxE05X7I7g=="
  "resolved" "https://registry.npmmirror.com/@windicss/plugin-utils/-/plugin-utils-1.8.6.tgz"
  "version" "1.8.6"
  dependencies:
    "@antfu/utils" "^0.5.2"
    "@windicss/config" "1.8.6"
    "debug" "^4.3.4"
    "fast-glob" "^3.2.11"
    "magic-string" "^0.26.2"
    "micromatch" "^4.0.5"
    "windicss" "^3.5.6"

"anymatch@~3.1.2":
  "integrity" "sha512-P43ePfOAIupkguHUycrc4qJ9kz8ZiuOUijaETwX7THt0Y/GNK7v0aa8rY816xWjZ7rJdA5XdMcpVFTKMq+RvWg=="
  "resolved" "https://registry.npmmirror.com/anymatch/-/anymatch-3.1.2.tgz"
  "version" "3.1.2"
  dependencies:
    "normalize-path" "^3.0.0"
    "picomatch" "^2.0.4"

"async-validator@^4.2.5":
  "integrity" "sha512-7HhHjtERjqlNbZtqNqy2rckN/SpOOlmDliet+lP7k+eKZEjPk3DgyeU9lIXLdeLz0uBbbVp+9Qdow9wJWgwwfg=="
  "resolved" "https://registry.npmmirror.com/async-validator/-/async-validator-4.2.5.tgz"
  "version" "4.2.5"

"binary-extensions@^2.0.0":
  "integrity" "sha512-jDctJ/IVQbZoJykoeHbhXpOlNBqGNcwXJKJog42E5HDPUwQTSdjCHdihjj0DlnheQ7blbT6dHOafNAiS8ooQKA=="
  "resolved" "https://registry.npmmirror.com/binary-extensions/-/binary-extensions-2.2.0.tgz"
  "version" "2.2.0"

"braces@^3.0.2", "braces@~3.0.2":
  "integrity" "sha512-b8um+L1RzM3WDSzvhm6gIz1yfTbBt6YTlcEKAvsmqCZZFw46z626lVj9j1yEPW33H5H+lBQpZMP1k8l+78Ha0A=="
  "resolved" "https://registry.npmmirror.com/braces/-/braces-3.0.2.tgz"
  "version" "3.0.2"
  dependencies:
    "fill-range" "^7.0.1"

"chokidar@>=3.0.0 <4.0.0":
  "integrity" "sha512-Dr3sfKRP6oTcjf2JmUmFJfeVMvXBdegxB0iVQ5eb2V10uFJUCAS8OByZdVAyVb8xXNz3GjjTgj9kLWsZTqE6kw=="
  "resolved" "https://registry.npmmirror.com/chokidar/-/chokidar-3.5.3.tgz"
  "version" "3.5.3"
  dependencies:
    "anymatch" "~3.1.2"
    "braces" "~3.0.2"
    "glob-parent" "~5.1.2"
    "is-binary-path" "~2.1.0"
    "is-glob" "~4.0.1"
    "normalize-path" "~3.0.0"
    "readdirp" "~3.6.0"
  optionalDependencies:
    "fsevents" "~2.3.2"

"copy-anything@^2.0.1":
  "integrity" "sha512-1j20GZTsvKNkc4BY3NpMOM8tt///wY3FpIzozTOFO2ffuZcV61nojHXVKIy3WM+7ADCy5FVhdZYHYDdgTU0yJw=="
  "resolved" "https://registry.npmmirror.com/copy-anything/-/copy-anything-2.0.6.tgz"
  "version" "2.0.6"
  dependencies:
    "is-what" "^3.14.1"

"csstype@^2.6.8":
  "integrity" "sha512-/WwNkdXfckNgw6S5R125rrW8ez139lBHWouiBvX8dfMFtcn6V81REDqnH7+CRpRipfYlyU1CmOnOxrmGcFOjeA=="
  "resolved" "https://registry.npmmirror.com/csstype/-/csstype-2.6.20.tgz"
  "version" "2.6.20"

"dayjs@^1.11.3":
  "integrity" "sha512-xxwlswWOlGhzgQ4TKzASQkUhqERI3egRNqgV4ScR8wlANA/A9tZ7miXa44vTTKEq5l7vWoL5G57bG3zA+Kow0A=="
  "resolved" "https://registry.npmmirror.com/dayjs/-/dayjs-1.11.3.tgz"
  "version" "1.11.3"

"debug@^3.2.6":
  "integrity" "sha512-CFjzYYAi4ThfiQvizrFQevTTXHtnCqWfe7x1AhgEscTz6ZbLbfoLRLPugTQyBth6f8ZERVUSyWHFD/7Wu4t1XQ=="
  "resolved" "https://registry.npmmirror.com/debug/-/debug-3.2.7.tgz"
  "version" "3.2.7"
  dependencies:
    "ms" "^2.1.1"

"debug@^4.3.4":
  "integrity" "sha512-PRWFHuSU3eDtQJPvnNY7Jcket1j0t5OuOsFzPPzsekD52Zl8qUfFIPEiswXqIvHWGVHOgX+7G/vCNNhehwxfkQ=="
  "resolved" "https://registry.npmmirror.com/debug/-/debug-4.3.4.tgz"
  "version" "4.3.4"
  dependencies:
    "ms" "2.1.2"

"element-plus@^2.2.9":
  "integrity" "sha512-jYbL0JkCdv95rkT6trZJjCAizLPySa0qcd2cgq+57SKQnCZAcNDDq4GbTuFRnNavdoeCJnuM3HIficTIUpsMOQ=="
  "resolved" "https://registry.npmmirror.com/element-plus/-/element-plus-2.2.9.tgz"
  "version" "2.2.9"
  dependencies:
    "@ctrl/tinycolor" "^3.4.1"
    "@element-plus/icons-vue" "^2.0.6"
    "@floating-ui/dom" "^0.5.4"
    "@popperjs/core" "npm:@sxzz/popperjs-es@^2.11.7"
    "@types/lodash" "^4.14.182"
    "@types/lodash-es" "^4.17.6"
    "@vueuse/core" "^8.7.5"
    "async-validator" "^4.2.5"
    "dayjs" "^1.11.3"
    "escape-html" "^1.0.3"
    "lodash" "^4.17.21"
    "lodash-es" "^4.17.21"
    "lodash-unified" "^1.0.2"
    "memoize-one" "^6.0.0"
    "normalize-wheel-es" "^1.1.2"

"errno@^0.1.1":
  "integrity" "sha512-dJ6oBr5SQ1VSd9qkk7ByRgb/1SH4JZjCHSW/mr63/QcXO9zLVxvJ6Oy13nio03rxpSnVDDjFor75SjVeZWPW/A=="
  "resolved" "https://registry.npmmirror.com/errno/-/errno-0.1.8.tgz"
  "version" "0.1.8"
  dependencies:
    "prr" "~1.0.1"

"esbuild-windows-64@0.14.49":
  "integrity" "sha512-+Cme7Ongv0UIUTniPqfTX6mJ8Deo7VXw9xN0yJEN1lQMHDppTNmKwAM3oGbD/Vqff+07K2gN0WfNkMohmG+dVw=="
  "resolved" "https://registry.npmmirror.com/esbuild-windows-64/-/esbuild-windows-64-0.14.49.tgz"
  "version" "0.14.49"

"esbuild@^0.14.27":
  "integrity" "sha512-/TlVHhOaq7Yz8N1OJrjqM3Auzo5wjvHFLk+T8pIue+fhnhIMpfAzsG6PLVMbFveVxqD2WOp3QHei+52IMUNmCw=="
  "resolved" "https://registry.npmmirror.com/esbuild/-/esbuild-0.14.49.tgz"
  "version" "0.14.49"
  optionalDependencies:
    "esbuild-android-64" "0.14.49"
    "esbuild-android-arm64" "0.14.49"
    "esbuild-darwin-64" "0.14.49"
    "esbuild-darwin-arm64" "0.14.49"
    "esbuild-freebsd-64" "0.14.49"
    "esbuild-freebsd-arm64" "0.14.49"
    "esbuild-linux-32" "0.14.49"
    "esbuild-linux-64" "0.14.49"
    "esbuild-linux-arm" "0.14.49"
    "esbuild-linux-arm64" "0.14.49"
    "esbuild-linux-mips64le" "0.14.49"
    "esbuild-linux-ppc64le" "0.14.49"
    "esbuild-linux-riscv64" "0.14.49"
    "esbuild-linux-s390x" "0.14.49"
    "esbuild-netbsd-64" "0.14.49"
    "esbuild-openbsd-64" "0.14.49"
    "esbuild-sunos-64" "0.14.49"
    "esbuild-windows-32" "0.14.49"
    "esbuild-windows-64" "0.14.49"
    "esbuild-windows-arm64" "0.14.49"

"escape-html@^1.0.3":
  "integrity" "sha512-NiSupZ4OeuGwr68lGIeym/ksIZMJodUGOSCZ/FSnTxcrekbvqrgdUxlJOMpijaKZVjAJrWrGs/6Jy8OMuyj9ow=="
  "resolved" "https://registry.npmmirror.com/escape-html/-/escape-html-1.0.3.tgz"
  "version" "1.0.3"

"estree-walker@^2.0.2":
  "integrity" "sha512-Rfkk/Mp/DL7JVje3u18FxFujQlTNR2q6QfMSMB7AvCBx91NGj/ba3kCfza0f6dVDbw7YlRf/nDrn7pQrCCyQ/w=="
  "resolved" "https://registry.npmmirror.com/estree-walker/-/estree-walker-2.0.2.tgz"
  "version" "2.0.2"

"fast-glob@^3.2.11":
  "integrity" "sha512-xrO3+1bxSo3ZVHAnqzyuewYT6aMFHRAd4Kcs92MAonjwQZLsK9d0SF1IyQ3k5PoirxTW0Oe/RqFgMQ6TcNE5Ew=="
  "resolved" "https://registry.npmmirror.com/fast-glob/-/fast-glob-3.2.11.tgz"
  "version" "3.2.11"
  dependencies:
    "@nodelib/fs.stat" "^2.0.2"
    "@nodelib/fs.walk" "^1.2.3"
    "glob-parent" "^5.1.2"
    "merge2" "^1.3.0"
    "micromatch" "^4.0.4"

"fastq@^1.6.0":
  "integrity" "sha512-YpkpUnK8od0o1hmeSc7UUs/eB/vIPWJYjKck2QKIzAf71Vm1AAQ3EbuZB3g2JIy+pg+ERD0vqI79KyZiB2e2Nw=="
  "resolved" "https://registry.npmmirror.com/fastq/-/fastq-1.13.0.tgz"
  "version" "1.13.0"
  dependencies:
    "reusify" "^1.0.4"

"fill-range@^7.0.1":
  "integrity" "sha512-qOo9F+dMUmC2Lcb4BbVvnKJxTPjCm+RRpe4gDuGrzkL7mEVl/djYSu2OdQ2Pa302N4oqkSg9ir6jaLWJ2USVpQ=="
  "resolved" "https://registry.npmmirror.com/fill-range/-/fill-range-7.0.1.tgz"
  "version" "7.0.1"
  dependencies:
    "to-regex-range" "^5.0.1"

"function-bind@^1.1.1":
  "integrity" "sha512-yIovAzMX49sF8Yl58fSCWJ5svSLuaibPxXQJFLmBObTuCr0Mf1KiPopGM9NiFjiYBCbfaa2Fh6breQ6ANVTI0A=="
  "resolved" "https://registry.npmmirror.com/function-bind/-/function-bind-1.1.1.tgz"
  "version" "1.1.1"

"glob-parent@^5.1.2", "glob-parent@~5.1.2":
  "integrity" "sha512-AOIgSQCepiJYwP3ARnGx+5VnTu2HBYdzbGP45eLw1vr3zB3vZLeyed1sC9hnbcOc9/SrMyM5RPQrkGz4aS9Zow=="
  "resolved" "https://registry.npmmirror.com/glob-parent/-/glob-parent-5.1.2.tgz"
  "version" "5.1.2"
  dependencies:
    "is-glob" "^4.0.1"

"graceful-fs@^4.1.2":
  "integrity" "sha512-9ByhssR2fPVsNZj478qUUbKfmL0+t5BDVyjShtyZZLiK7ZDAArFFfopyOTj0M05wE2tJPisA4iTnnXl2YoPvOA=="
  "resolved" "https://registry.npmmirror.com/graceful-fs/-/graceful-fs-4.2.10.tgz"
  "version" "4.2.10"

"has@^1.0.3":
  "integrity" "sha512-f2dvO0VU6Oej7RkWJGrehjbzMAjFp5/VKPp5tTpWIV4JHHZK1/BxbFRtf/siA2SWTe09caDmVtYYzWEIbBS4zw=="
  "resolved" "https://registry.npmmirror.com/has/-/has-1.0.3.tgz"
  "version" "1.0.3"
  dependencies:
    "function-bind" "^1.1.1"

"iconv-lite@^0.6.3":
  "integrity" "sha512-4fCk79wshMdzMp2rH06qWrJE4iolqLhCUH+OiuIgU++RB0+94NlDL81atO7GX55uUKueo0txHNtvEyI6D7WdMw=="
  "resolved" "https://registry.npmmirror.com/iconv-lite/-/iconv-lite-0.6.3.tgz"
  "version" "0.6.3"
  dependencies:
    "safer-buffer" ">= 2.1.2 < 3.0.0"

"image-size@~0.5.0":
  "integrity" "sha512-6TDAlDPZxUFCv+fuOkIoXT/V/f3Qbq8e37p+YOiYrUv3v9cc3/6x78VdfPgFVaB9dZYeLUfKgHRebpkm/oP2VQ=="
  "resolved" "https://registry.npmmirror.com/image-size/-/image-size-0.5.5.tgz"
  "version" "0.5.5"

"immutable@^4.0.0":
  "integrity" "sha512-oNkuqVTA8jqG1Q6c+UglTOD1xhC1BtjKI7XkCXRkZHrN5m18/XsnUp8Q89GkQO/z+0WjonSvl0FLhDYftp46nQ=="
  "resolved" "https://registry.npmmirror.com/immutable/-/immutable-4.1.0.tgz"
  "version" "4.1.0"

"is-binary-path@~2.1.0":
  "integrity" "sha512-ZMERYes6pDydyuGidse7OsHxtbI7WVeUEozgR/g7rd0xUimYNlvZRE/K2MgZTjWy725IfelLeVcEM97mmtRGXw=="
  "resolved" "https://registry.npmmirror.com/is-binary-path/-/is-binary-path-2.1.0.tgz"
  "version" "2.1.0"
  dependencies:
    "binary-extensions" "^2.0.0"

"is-core-module@^2.9.0":
  "integrity" "sha512-+5FPy5PnwmO3lvfMb0AsoPaBG+5KHUI0wYFXOtYPnVVVspTFUuMZNfNaNVRt3FZadstu2c8x23vykRW/NBoU6A=="
  "resolved" "https://registry.npmmirror.com/is-core-module/-/is-core-module-2.9.0.tgz"
  "version" "2.9.0"
  dependencies:
    "has" "^1.0.3"

"is-extglob@^2.1.1":
  "integrity" "sha512-SbKbANkN603Vi4jEZv49LeVJMn4yGwsbzZworEoyEiutsN3nJYdbO36zfhGJ6QEDpOZIFkDtnq5JRxmvl3jsoQ=="
  "resolved" "https://registry.npmmirror.com/is-extglob/-/is-extglob-2.1.1.tgz"
  "version" "2.1.1"

"is-glob@^4.0.1", "is-glob@~4.0.1":
  "integrity" "sha512-xelSayHH36ZgE7ZWhli7pW34hNbNl8Ojv5KVmkJD4hBdD3th8Tfk9vYasLM+mXWOZhFkgZfxhLSnrwRr4elSSg=="
  "resolved" "https://registry.npmmirror.com/is-glob/-/is-glob-4.0.3.tgz"
  "version" "4.0.3"
  dependencies:
    "is-extglob" "^2.1.1"

"is-number@^7.0.0":
  "integrity" "sha512-41Cifkg6e8TylSpdtTpeLVMqvSBEVzTttHvERD741+pnZ8ANv0004MRL43QKPDlK9cGvNp6NZWZUBlbGXYxxng=="
  "resolved" "https://registry.npmmirror.com/is-number/-/is-number-7.0.0.tgz"
  "version" "7.0.0"

"is-what@^3.14.1":
  "integrity" "sha512-sNxgpk9793nzSs7bA6JQJGeIuRBQhAaNGG77kzYQgMkrID+lS6SlK07K5LaptscDlSaIgH+GPFzf+d75FVxozA=="
  "resolved" "https://registry.npmmirror.com/is-what/-/is-what-3.14.1.tgz"
  "version" "3.14.1"

"jiti@^1.14.0":
  "integrity" "sha512-4IwstlaKQc9vCTC+qUXLM1hajy2ImiL9KnLvVYiaHOtS/v3wRjhLlGl121AmgDgx/O43uKmxownJghS5XMya2A=="
  "resolved" "https://registry.npmmirror.com/jiti/-/jiti-1.14.0.tgz"
  "version" "1.14.0"

"kolorist@^1.5.1":
  "integrity" "sha512-lxpCM3HTvquGxKGzHeknB/sUjuVoUElLlfYnXZT73K8geR9jQbroGlSCFBax9/0mpGoD3kzcMLnOlGQPJJNyqQ=="
  "resolved" "https://registry.npmmirror.com/kolorist/-/kolorist-1.5.1.tgz"
  "version" "1.5.1"

"less@*", "less@^4.1.3":
  "integrity" "sha512-w16Xk/Ta9Hhyei0Gpz9m7VS8F28nieJaL/VyShID7cYvP6IL5oHeL6p4TXSDJqZE/lNv0oJ2pGVjJsRkfwm5FA=="
  "resolved" "https://registry.npmmirror.com/less/-/less-4.1.3.tgz"
  "version" "4.1.3"
  dependencies:
    "copy-anything" "^2.0.1"
    "parse-node-version" "^1.0.1"
    "tslib" "^2.3.0"
  optionalDependencies:
    "errno" "^0.1.1"
    "graceful-fs" "^4.1.2"
    "image-size" "~0.5.0"
    "make-dir" "^2.1.0"
    "mime" "^1.4.1"
    "needle" "^3.1.0"
    "source-map" "~0.6.0"

"lodash-es@*", "lodash-es@^4.17.21":
  "integrity" "sha512-mKnC+QJ9pWVzv+C4/U3rRsHapFfHvQFoFB92e52xeyGMcX6/OlIl78je1u8vePzYZSkkogMPJ2yjxxsb89cxyw=="
  "resolved" "https://registry.npmmirror.com/lodash-es/-/lodash-es-4.17.21.tgz"
  "version" "4.17.21"

"lodash-unified@^1.0.2":
  "integrity" "sha512-OGbEy+1P+UT26CYi4opY4gebD8cWRDxAT6MAObIVQMiqYdxZr1g3QHWCToVsm31x2NkLS4K3+MC2qInaRMa39g=="
  "resolved" "https://registry.npmmirror.com/lodash-unified/-/lodash-unified-1.0.2.tgz"
  "version" "1.0.2"

"lodash@*", "lodash@^4.17.21":
  "integrity" "sha512-v2kDEe57lecTulaDIuNTPy3Ry4gLGJ6Z1O3vE1krgXZNrsQ+LFTGHVxVjcXPs17LhbZVGedAJv8XZ1tvj5FvSg=="
  "resolved" "https://registry.npmmirror.com/lodash/-/lodash-4.17.21.tgz"
  "version" "4.17.21"

"magic-string@^0.25.7":
  "integrity" "sha512-RmF0AsMzgt25qzqqLc1+MbHmhdx0ojF2Fvs4XnOqz2ZOBXzzkEwc/dJQZCYHAn7v1jbVOjAZfK8msRn4BxO4VQ=="
  "resolved" "https://registry.npmmirror.com/magic-string/-/magic-string-0.25.9.tgz"
  "version" "0.25.9"
  dependencies:
    "sourcemap-codec" "^1.4.8"

"magic-string@^0.26.2":
  "integrity" "sha512-NzzlXpclt5zAbmo6h6jNc8zl2gNRGHvmsZW4IvZhTC4W7k4OlLP+S5YLussa/r3ixNT66KOQfNORlXHSOy/X4A=="
  "resolved" "https://registry.npmmirror.com/magic-string/-/magic-string-0.26.2.tgz"
  "version" "0.26.2"
  dependencies:
    "sourcemap-codec" "^1.4.8"

"make-dir@^2.1.0":
  "integrity" "sha512-LS9X+dc8KLxXCb8dni79fLIIUA5VyZoyjSMCwTluaXA0o27cCK0bhXkpgw+sTXVpPy/lSO57ilRixqk0vDmtRA=="
  "resolved" "https://registry.npmmirror.com/make-dir/-/make-dir-2.1.0.tgz"
  "version" "2.1.0"
  dependencies:
    "pify" "^4.0.1"
    "semver" "^5.6.0"

"memoize-one@^6.0.0":
  "integrity" "sha512-rkpe71W0N0c0Xz6QD0eJETuWAJGnJ9afsl1srmwPrI+yBCkge5EycXXbYRyvL29zZVUWQCY7InPRCv3GDXuZNw=="
  "resolved" "https://registry.npmmirror.com/memoize-one/-/memoize-one-6.0.0.tgz"
  "version" "6.0.0"

"merge2@^1.3.0":
  "integrity" "sha512-8q7VEgMJW4J8tcfVPy8g09NcQwZdbwFEqhe/WZkoIzjn/3TGDwtOCYtXGxA3O8tPzpczCCDgv+P2P5y00ZJOOg=="
  "resolved" "https://registry.npmmirror.com/merge2/-/merge2-1.4.1.tgz"
  "version" "1.4.1"

"micromatch@^4.0.4", "micromatch@^4.0.5":
  "integrity" "sha512-DMy+ERcEW2q8Z2Po+WNXuw3c5YaUSFjAO5GsJqfEl7UjvtIuFKO6ZrKvcItdy98dwFI2N1tg3zNIdKaQT+aNdA=="
  "resolved" "https://registry.npmmirror.com/micromatch/-/micromatch-4.0.5.tgz"
  "version" "4.0.5"
  dependencies:
    "braces" "^3.0.2"
    "picomatch" "^2.3.1"

"mime@^1.4.1":
  "integrity" "sha512-x0Vn8spI+wuJ1O6S7gnbaQg8Pxh4NNHb7KSINmEWKiPE4RKOplvijn+NkmYmmRgP68mc70j2EbeTFRsrswaQeg=="
  "resolved" "https://registry.npmmirror.com/mime/-/mime-1.6.0.tgz"
  "version" "1.6.0"

"ms@^2.1.1":
  "integrity" "sha512-6FlzubTLZG3J2a/NVCAleEhjzq5oxgHyaCU9yYXvcLsvoVaHJq/s5xXI6/XXP6tz7R9xAOtHnSO/tXtF3WRTlA=="
  "resolved" "https://registry.npmmirror.com/ms/-/ms-2.1.3.tgz"
  "version" "2.1.3"

"ms@2.1.2":
  "integrity" "sha512-sGkPx+VjMtmA6MX27oA4FBFELFCZZ4S4XqeGOXCv68tT+jb3vk/RyaKWP0PTKyWtmLSM0b+adUTEvbs1PEaH2w=="
  "resolved" "https://registry.npmmirror.com/ms/-/ms-2.1.2.tgz"
  "version" "2.1.2"

"nanoid@^3.3.4":
  "integrity" "sha512-MqBkQh/OHTS2egovRtLk45wEyNXwF+cokD+1YPf9u5VfJiRdAiRwB2froX5Co9Rh20xs4siNPm8naNotSD6RBw=="
  "resolved" "https://registry.npmmirror.com/nanoid/-/nanoid-3.3.4.tgz"
  "version" "3.3.4"

"needle@^3.1.0":
  "integrity" "sha512-gCE9weDhjVGCRqS8dwDR/D3GTAeyXLXuqp7I8EzH6DllZGXSUyxuqqLh+YX9rMAWaaTFyVAg6rHGL25dqvczKw=="
  "resolved" "https://registry.npmmirror.com/needle/-/needle-3.1.0.tgz"
  "version" "3.1.0"
  dependencies:
    "debug" "^3.2.6"
    "iconv-lite" "^0.6.3"
    "sax" "^1.2.4"

"normalize-path@^3.0.0", "normalize-path@~3.0.0":
  "integrity" "sha512-6eZs5Ls3WtCisHWp9S2GUy8dqkpGi4BVSz3GaqiE6ezub0512ESztXUwUB6C6IKbQkY2Pnb/mD4WYojCRwcwLA=="
  "resolved" "https://registry.npmmirror.com/normalize-path/-/normalize-path-3.0.0.tgz"
  "version" "3.0.0"

"normalize-wheel-es@^1.1.2":
  "integrity" "sha512-scX83plWJXYH1J4+BhAuIHadROzxX0UBF3+HuZNY2Ks8BciE7tSTQ+5JhTsvzjaO0/EJdm4JBGrfObKxFf3Png=="
  "resolved" "https://registry.npmmirror.com/normalize-wheel-es/-/normalize-wheel-es-1.1.2.tgz"
  "version" "1.1.2"

"parse-node-version@^1.0.1":
  "integrity" "sha512-3YHlOa/JgH6Mnpr05jP9eDG254US9ek25LyIxZlDItp2iJtwyaXQb57lBYLdT3MowkUFYEV2XXNAYIPlESvJlA=="
  "resolved" "https://registry.npmmirror.com/parse-node-version/-/parse-node-version-1.0.1.tgz"
  "version" "1.0.1"

"path-parse@^1.0.7":
  "integrity" "sha512-LDJzPVEEEPR+y48z93A0Ed0yXb8pAByGWo/k5YYdYgpY2/2EsOsksJrq7lOHxryrVOn1ejG6oAp8ahvOIQD8sw=="
  "resolved" "https://registry.npmmirror.com/path-parse/-/path-parse-1.0.7.tgz"
  "version" "1.0.7"

"picocolors@^1.0.0":
  "integrity" "sha512-1fygroTLlHu66zi26VoTDv8yRgm0Fccecssto+MhsZ0D/DGW2sm8E8AjW7NU5VVTRt5GxbeZ5qBuJr+HyLYkjQ=="
  "resolved" "https://registry.npmmirror.com/picocolors/-/picocolors-1.0.0.tgz"
  "version" "1.0.0"

"picomatch@^2.0.4", "picomatch@^2.2.1", "picomatch@^2.3.1":
  "integrity" "sha512-JU3teHTNjmE2VCGFzuY8EXzCDVwEqB2a8fsIvwaStHhAWJEeVd1o1QD80CU6+ZdEXXSLbSsuLwJjkCBWqRQUVA=="
  "resolved" "https://registry.npmmirror.com/picomatch/-/picomatch-2.3.1.tgz"
  "version" "2.3.1"

"pify@^4.0.1":
  "integrity" "sha512-uB80kBFb/tfd68bVleG9T5GGsGPjJrLAUpR5PZIrhBnIaRTQRjqdJSsIKkOP6OAIFbj7GOrcudc5pNjZ+geV2g=="
  "resolved" "https://registry.npmmirror.com/pify/-/pify-4.0.1.tgz"
  "version" "4.0.1"

"pinia@^2.0.15":
  "integrity" "sha512-qkIvXdGWMbnc3UG3l8rn9SV4nE2H4I2R/exZcdn/0pDzjaKQmMUsBXlIurfKu62VJsjETkqss46NP/c88NnjYQ=="
  "resolved" "https://registry.npmmirror.com/pinia/-/pinia-2.0.15.tgz"
  "version" "2.0.15"
  dependencies:
    "@vue/devtools-api" "^6.1.4"
    "vue-demi" "*"

"postcss@^8.1.10", "postcss@^8.4.13":
  "integrity" "sha512-E398TUmfAYFPBSdzgeieK2Y1+1cpdxJx8yXbK/m57nRhKSmk1GB2tO4lbLBtlkfPQTDKfe4Xqv1ASWPpayPEig=="
  "resolved" "https://registry.npmmirror.com/postcss/-/postcss-8.4.14.tgz"
  "version" "8.4.14"
  dependencies:
    "nanoid" "^3.3.4"
    "picocolors" "^1.0.0"
    "source-map-js" "^1.0.2"

"prr@~1.0.1":
  "integrity" "sha512-yPw4Sng1gWghHQWj0B3ZggWUm4qVbPwPFcRG8KyxiU7J2OHFSoEHKS+EZ3fv5l1t9CyCiop6l/ZYeWbrgoQejw=="
  "resolved" "https://registry.npmmirror.com/prr/-/prr-1.0.1.tgz"
  "version" "1.0.1"

"queue-microtask@^1.2.2":
  "integrity" "sha512-NuaNSa6flKT5JaSYQzJok04JzTL1CA6aGhv5rfLW3PgqA+M2ChpZQnAC8h8i4ZFkBS8X5RqkDBHA7r4hej3K9A=="
  "resolved" "https://registry.npmmirror.com/queue-microtask/-/queue-microtask-1.2.3.tgz"
  "version" "1.2.3"

"readdirp@~3.6.0":
  "integrity" "sha512-hOS089on8RduqdbhvQ5Z37A0ESjsqz6qnRcffsMU3495FuTdqSm+7bhJ29JvIOsBDEEnan5DPu9t3To9VRlMzA=="
  "resolved" "https://registry.npmmirror.com/readdirp/-/readdirp-3.6.0.tgz"
  "version" "3.6.0"
  dependencies:
    "picomatch" "^2.2.1"

"resolve@^1.22.0":
  "integrity" "sha512-nBpuuYuY5jFsli/JIs1oldw6fOQCBioohqWZg/2hiaOybXOft4lonv85uDOKXdf8rhyK159cxU5cDcK/NKk8zw=="
  "resolved" "https://registry.npmmirror.com/resolve/-/resolve-1.22.1.tgz"
  "version" "1.22.1"
  dependencies:
    "is-core-module" "^2.9.0"
    "path-parse" "^1.0.7"
    "supports-preserve-symlinks-flag" "^1.0.0"

"reusify@^1.0.4":
  "integrity" "sha512-U9nH88a3fc/ekCF1l0/UP1IosiuIjyTh7hBvXVMHYgVcfGvt897Xguj2UOLDeI5BG2m7/uwyaLVT6fbtCwTyzw=="
  "resolved" "https://registry.npmmirror.com/reusify/-/reusify-1.0.4.tgz"
  "version" "1.0.4"

"rollup@^2.59.0":
  "integrity" "sha512-9jwRIEY1jOzKLj3nsY/yot41r19ITdQrhs+q3ggNWhr9TQgduHqANvPpS32RNpzGklJu3G1AJfvlZLi/6wFgWA=="
  "resolved" "https://registry.npmmirror.com/rollup/-/rollup-2.76.0.tgz"
  "version" "2.76.0"
  optionalDependencies:
    "fsevents" "~2.3.2"

"run-parallel@^1.1.9":
  "integrity" "sha512-5l4VyZR86LZ/lDxZTR6jqL8AFE2S0IFLMP26AbjsLVADxHdhB/c0GUsH+y39UfCi3dzz8OlQuPmnaJOMoDHQBA=="
  "resolved" "https://registry.npmmirror.com/run-parallel/-/run-parallel-1.2.0.tgz"
  "version" "1.2.0"
  dependencies:
    "queue-microtask" "^1.2.2"

"safer-buffer@>= 2.1.2 < 3.0.0":
  "integrity" "sha512-YZo3K82SD7Riyi0E1EQPojLz7kpepnSQI9IyPbHHg1XXXevb5dJI7tpyN2ADxGcQbHG7vcyRHk0cbwqcQriUtg=="
  "resolved" "https://registry.npmmirror.com/safer-buffer/-/safer-buffer-2.1.2.tgz"
  "version" "2.1.2"

"sass@*", "sass@^1.53.0":
  "integrity" "sha512-zb/oMirbKhUgRQ0/GFz8TSAwRq2IlR29vOUJZOx0l8sV+CkHUfHa4u5nqrG+1VceZp7Jfj59SVW9ogdhTvJDcQ=="
  "resolved" "https://registry.npmmirror.com/sass/-/sass-1.53.0.tgz"
  "version" "1.53.0"
  dependencies:
    "chokidar" ">=3.0.0 <4.0.0"
    "immutable" "^4.0.0"
    "source-map-js" ">=0.6.2 <2.0.0"

"sax@^1.2.4":
  "integrity" "sha512-NqVDv9TpANUjFm0N8uM5GxL36UgKi9/atZw+x7YFnQ8ckwFGKrl4xX4yWtrey3UJm5nP1kUbnYgLopqWNSRhWw=="
  "resolved" "https://registry.npmmirror.com/sax/-/sax-1.2.4.tgz"
  "version" "1.2.4"

"semver@^5.6.0":
  "integrity" "sha512-sauaDf/PZdVgrLTNYHRtpXa1iRiKcaebiKQ1BJdpQlWH2lCvexQdX55snPFyK7QzpudqbCI0qXFfOasHdyNDGQ=="
  "resolved" "https://registry.npmmirror.com/semver/-/semver-5.7.1.tgz"
  "version" "5.7.1"

"source-map-js@^1.0.2", "source-map-js@>=0.6.2 <2.0.0":
  "integrity" "sha512-R0XvVJ9WusLiqTCEiGCmICCMplcCkIwwR11mOSD9CR5u+IXYdiseeEuXCVAjS54zqwkLcPNnmU4OeJ6tUrWhDw=="
  "resolved" "https://registry.npmmirror.com/source-map-js/-/source-map-js-1.0.2.tgz"
  "version" "1.0.2"

"source-map@^0.6.1", "source-map@~0.6.0":
  "integrity" "sha512-UjgapumWlbMhkBgzT7Ykc5YXUT46F0iKu8SGXq0bcwP5dz/h0Plj6enJqjz1Zbq2l5WaqYnrVbwWOWMyF3F47g=="
  "resolved" "https://registry.npmmirror.com/source-map/-/source-map-0.6.1.tgz"
  "version" "0.6.1"

"sourcemap-codec@^1.4.8":
  "integrity" "sha512-9NykojV5Uih4lgo5So5dtw+f0JgJX30KCNI8gwhz2J9A15wD0Ml6tjHKwf6fTSa6fAdVBdZeNOs9eJ71qCk8vA=="
  "resolved" "https://registry.npmmirror.com/sourcemap-codec/-/sourcemap-codec-1.4.8.tgz"
  "version" "1.4.8"

"supports-preserve-symlinks-flag@^1.0.0":
  "integrity" "sha512-ot0WnXS9fgdkgIcePe6RHNk1WA8+muPa6cSjeR3V8K27q9BB1rTE3R1p7Hv0z1ZyAc8s6Vvv8DIyWf681MAt0w=="
  "resolved" "https://registry.npmmirror.com/supports-preserve-symlinks-flag/-/supports-preserve-symlinks-flag-1.0.0.tgz"
  "version" "1.0.0"

"to-regex-range@^5.0.1":
  "integrity" "sha512-65P7iz6X5yEr1cwcgvQxbbIw7Uk3gOy5dIdtZ4rDveLqhrdJP+Li/Hx6tyK0NEb+2GCyneCMJiGqrADCSNk8sQ=="
  "resolved" "https://registry.npmmirror.com/to-regex-range/-/to-regex-range-5.0.1.tgz"
  "version" "5.0.1"
  dependencies:
    "is-number" "^7.0.0"

"tslib@^2.3.0":
  "integrity" "sha512-d6xOpEDfsi2CZVlPQzGeux8XMwLT9hssAsaPYExaQMuYskwb+x1x7J371tWlbBdWHroy99KnVB6qIkUbs5X3UQ=="
  "resolved" "https://registry.npmmirror.com/tslib/-/tslib-2.4.0.tgz"
  "version" "2.4.0"

"typescript@*", "typescript@^4.5.4", "typescript@>=4.4.4":
  "integrity" "sha512-C0WQT0gezHuw6AdY1M2jxUO83Rjf0HP7Sk1DtXj6j1EwkQNZrHAg2XPWlq62oqEhYvONq5pkC2Y9oPljWToLmQ=="
  "resolved" "https://registry.npmmirror.com/typescript/-/typescript-4.7.4.tgz"
  "version" "4.7.4"

"vite-plugin-windicss@^1.8.6":
  "integrity" "sha512-D4G4qmumgklPiPrq/ZALqq8Mby6krskFVShbmb5c+0VCSsLUN96qyFRTwi81rNIHwFvlbpqflgh+BpUM/9VjQg=="
  "resolved" "https://registry.npmmirror.com/vite-plugin-windicss/-/vite-plugin-windicss-1.8.6.tgz"
  "version" "1.8.6"
  dependencies:
    "@windicss/plugin-utils" "1.8.6"
    "debug" "^4.3.4"
    "kolorist" "^1.5.1"
    "windicss" "^3.5.6"

"vite@^2.0.1", "vite@^2.5.10", "vite@^2.9.9":
  "integrity" "sha512-P/UCjSpSMcE54r4mPak55hWAZPlyfS369svib/gpmz8/01L822lMPOJ/RYW6tLCe1RPvMvOsJ17erf55bKp4Hw=="
  "resolved" "https://registry.npmmirror.com/vite/-/vite-2.9.14.tgz"
  "version" "2.9.14"
  dependencies:
    "esbuild" "^0.14.27"
    "postcss" "^8.4.13"
    "resolve" "^1.22.0"
    "rollup" "^2.59.0"
  optionalDependencies:
    "fsevents" "~2.3.2"

"vue-demi@*":
  "integrity" "sha512-KP4lq9uSz0KZbaqCllRhnxMV3mYRsRWJfdsAhZyt5bV5O1RTpoeDptBRV9NOa/JgOpfaA9ane88VF7OjWNK/DA=="
  "resolved" "https://registry.npmmirror.com/vue-demi/-/vue-demi-0.13.4.tgz"
  "version" "0.13.4"

"vue-router@4":
  "integrity" "sha512-5BP1qXFncVRwgV/XnqzsKApdMjQPqWIpoUBdL1ynz8HyLxIX/UDAx7Ql2BjmA5CXT/p61JfZvkpiFWFpaqcfag=="
  "resolved" "https://registry.npmmirror.com/vue-router/-/vue-router-4.1.2.tgz"
  "version" "4.1.2"
  dependencies:
    "@vue/devtools-api" "^6.1.4"

"vue-tsc@^0.34.7":
  "integrity" "sha512-jzUXky44ZLHC4daaJag7FQr3idlPYN719/K1eObGljz5KaS2UnVGTU/XSYCd7d6ampYYg4OsyalbHyJIxV0aEQ=="
  "resolved" "https://registry.npmmirror.com/vue-tsc/-/vue-tsc-0.34.17.tgz"
  "version" "0.34.17"
  dependencies:
    "@volar/vue-typescript" "0.34.17"

"vue@^2.6.0 || ^3.2.0", "vue@^2.6.14 || ^3.2.0", "vue@^3.0.0-0 || ^2.6.0", "vue@^3.2.0", "vue@^3.2.25", "vue@3.2.37":
  "integrity" "sha512-bOKEZxrm8Eh+fveCqS1/NkG/n6aMidsI6hahas7pa0w/l7jkbssJVsRhVDs07IdDq7h9KHswZOgItnwJAgtVtQ=="
  "resolved" "https://registry.npmmirror.com/vue/-/vue-3.2.37.tgz"
  "version" "3.2.37"
  dependencies:
    "@vue/compiler-dom" "3.2.37"
    "@vue/compiler-sfc" "3.2.37"
    "@vue/runtime-dom" "3.2.37"
    "@vue/server-renderer" "3.2.37"
    "@vue/shared" "3.2.37"

"windicss@^3.5.6":
  "integrity" "sha512-P1mzPEjgFMZLX0ZqfFht4fhV/FX8DTG7ERG1fBLiWvd34pTLVReS5CVsewKn9PApSgXnVfPWwvq+qUsRwpnwFA=="
  "resolved" "https://registry.npmmirror.com/windicss/-/windicss-3.5.6.tgz"
  "version" "3.5.6"
